// !$*UTF8*$!
{
	archiveVersion = 1;
	classes = {
	};
	objectVersion = 50;
	objects = {

/* Begin PBXBuildFile section */
		6B258AB0267359CD009F5355 /* AppDelegate.swift in Sources */ = {isa = PBXBuildFile; fileRef = 6B258AAF267359CD009F5355 /* AppDelegate.swift */; };
		6B258AB2267359CD009F5355 /* SceneDelegate.swift in Sources */ = {isa = PBXBuildFile; fileRef = 6B258AB1267359CD009F5355 /* SceneDelegate.swift */; };
		6B258AB4267359CD009F5355 /* ViewController.swift in Sources */ = {isa = PBXBuildFile; fileRef = 6B258AB3267359CD009F5355 /* ViewController.swift */; };
		6B258AB7267359CD009F5355 /* Main.storyboard in Resources */ = {isa = PBXBuildFile; fileRef = 6B258AB5267359CD009F5355 /* Main.storyboard */; };
		6B258AB9267359CE009F5355 /* Assets.xcassets in Resources */ = {isa = PBXBuildFile; fileRef = 6B258AB8267359CE009F5355 /* Assets.xcassets */; };
		6B258ABC267359CE009F5355 /* LaunchScreen.storyboard in Resources */ = {isa = PBXBuildFile; fileRef = 6B258ABA267359CE009F5355 /* LaunchScreen.storyboard */; };
		6BD9E81A2675F8DA00FC31A1 /* ExpansionViewController.swift in Sources */ = {isa = PBXBuildFile; fileRef = 6BD9E8192675F8DA00FC31A1 /* ExpansionViewController.swift */; };
		6BEEB02E26777EFC00C0CF24 /* images-1.jpg in Resources */ = {isa = PBXBuildFile; fileRef = 6BEEB02D26777EFC00C0CF24 /* images-1.jpg */; };
		6BEEB03126777F0700C0CF24 /* images.jpg in Resources */ = {isa = PBXBuildFile; fileRef = 6BEEB03026777F0700C0CF24 /* images.jpg */; };
		6BEEB03426777F1200C0CF24 /* images-2.jpg in Resources */ = {isa = PBXBuildFile; fileRef = 6BEEB03326777F1200C0CF24 /* images-2.jpg */; };
/* End PBXBuildFile section */

/* Begin PBXFileReference section */
		6B258AAC267359CD009F5355 /* SlideshowApp.app */ = {isa = PBXFileReference; explicitFileType = wrapper.application; includeInIndex = 0; path = SlideshowApp.app; sourceTree = BUILT_PRODUCTS_DIR; };
		6B258AAF267359CD009F5355 /* AppDelegate.swift */ = {isa = PBXFileReference; lastKnownFileType = sourcecode.swift; path = AppDelegate.swift; sourceTree = "<group>"; };
		6B258AB1267359CD009F5355 /* SceneDelegate.swift */ = {isa = PBXFileReference; lastKnownFileType = sourcecode.swift; path = SceneDelegate.swift; sourceTree = "<group>"; };
		6B258AB3267359CD009F5355 /* ViewController.swift */ = {isa = PBXFileReference; lastKnownFileType = sourcecode.swift; path = ViewController.swift; sourceTree = "<group>"; };
		6B258AB6267359CD009F5355 /* Base */ = {isa = PBXFileReference; lastKnownFileType = file.storyboard; name = Base; path = Base.lproj/Main.storyboard; sourceTree = "<group>"; };
		6B258AB8267359CE009F5355 /* Assets.xcassets */ = {isa = PBXFileReference; lastKnownFileType = folder.assetcatalog; path = Assets.xcassets; sourceTree = "<group>"; };
		6B258ABB267359CE009F5355 /* Base */ = {isa = PBXFileReference; lastKnownFileType = file.storyboard; name = Base; path = Base.lproj/LaunchScreen.storyboard; sourceTree = "<group>"; };
		6B258ABD267359CE009F5355 /* Info.plist */ = {isa = PBXFileReference; lastKnownFileType = text.plist.xml; path = Info.plist; sourceTree = "<group>"; };
		6BD9E8192675F8DA00FC31A1 /* ExpansionViewController.swift */ = {isa = PBXFileReference; fileEncoding = 4; lastKnownFileType = sourcecode.swift; path = ExpansionViewController.swift; sourceTree = "<group>"; };
		6BEEB02D26777EFC00C0CF24 /* images-1.jpg */ = {isa = PBXFileReference; lastKnownFileType = image.jpeg; path = "images-1.jpg"; sourceTree = "<group>"; };
		6BEEB03026777F0700C0CF24 /* images.jpg */ = {isa = PBXFileReference; lastKnownFileType = image.jpeg; path = images.jpg; sourceTree = "<group>"; };
		6BEEB03326777F1200C0CF24 /* images-2.jpg */ = {isa = PBXFileReference; lastKnownFileType = image.jpeg; path = "images-2.jpg"; sourceTree = "<group>"; };
/* End PBXFileReference section */

/* Begin PBXFrameworksBuildPhase section */
		6B258AA9267359CD009F5355 /* Frameworks */ = {
			isa = PBXFrameworksBuildPhase;
			buildActionMask = 2147483647;
			files = (
			);
			runOnlyForDeploymentPostprocessing = 0;
		};
/* End PBXFrameworksBuildPhase section */

/* Begin PBXGroup section */
		6B258AA3267359CD009F5355 = {
			isa = PBXGroup;
			children = (
				6B258AAE267359CD009F5355 /* SlideshowApp */,
				6B258AAD267359CD009F5355 /* Products */,
				6BEEB02D26777EFC00C0CF24 /* images-1.jpg */,
				6BEEB03026777F0700C0CF24 /* images.jpg */,
				6BEEB03326777F1200C0CF24 /* images-2.jpg */,
			);
			sourceTree = "<group>";
		};
		6B258AAD267359CD009F5355 /* Products */ = {
			isa = PBXGroup;
			children = (
				6B258AAC267359CD009F5355 /* SlideshowApp.app */,
			);
			name = Products;
			sourceTree = "<group>";
		};
		6B258AAE267359CD009F5355 /* SlideshowApp */ = {
			isa = PBXGroup;
			children = (
				6B258AAF267359CD009F5355 /* AppDelegate.swift */,
				6B258AB1267359CD009F5355 /* SceneDelegate.swift */,
				6BD9E8192675F8DA00FC31A1 /* ExpansionViewController.swift */,
				6B258AB3267359CD009F5355 /* ViewController.swift */,
				6B258AB5267359CD009F5355 /* Main.storyboard */,
				6B258AB8267359CE009F5355 /* Assets.xcassets */,
				6B258ABA267359CE009F5355 /* LaunchScreen.storyboard */,
				6B258ABD267359CE009F5355 /* Info.plist */,
			);
			path = SlideshowApp;
			sourceTree = "<group>";
		};
/* End PBXGroup section */

/* Begin PBXNativeTarget section */
		6B258AAB267359CD009F5355 /* SlideshowApp */ = {
			isa = PBXNativeTarget;
			buildConfigurationList = 6B258AC0267359CE009F5355 /* Build configuration list for PBXNativeTarget "SlideshowApp" */;
			buildPhases = (
				6B258AA8267359CD009F5355 /* Sources */,
				6B258AA9267359CD009F5355 /* Frameworks */,
				6B258AAA267359CD009F5355 /* Resources */,
			);
			buildRules = (
			);
			dependencies = (
			);
			name = SlideshowApp;
			productName = SlideshowApp;
			productReference = 6B258AAC267359CD009F5355 /* SlideshowApp.app */;
			productType = "com.apple.product-type.application";
		};
/* End PBXNativeTarget section */

/* Begin PBXProject section */
		6B258AA4267359CD009F5355 /* Project object */ = {
			isa = PBXProject;
			attributes = {
				LastSwiftUpdateCheck = 1220;
				LastUpgradeCheck = 1220;
				TargetAttributes = {
					6B258AAB267359CD009F5355 = {
						CreatedOnToolsVersion = 12.2;
					};
				};
			};
			buildConfigurationList = 6B258AA7267359CD009F5355 /* Build configuration list for PBXProject "SlideshowApp" */;
			compatibilityVersion = "Xcode 9.3";
			developmentRegion = en;
			hasScannedForEncodings = 0;
			knownRegions = (
				en,
				Base,
			);
			mainGroup = 6B258AA3267359CD009F5355;
			productRefGroup = 6B258AAD267359CD009F5355 /* Products */;
			projectDirPath = "";
			projectRoot = "";
			targets = (
				6B258AAB267359CD009F5355 /* SlideshowApp */,
			);
		};
/* End PBXProject section */

/* Begin PBXResourcesBuildPhase section */
		6B258AAA267359CD009F5355 /* Resources */ = {
			isa = PBXResourcesBuildPhase;
			buildActionMask = 2147483647;
			files = (
				6B258ABC267359CE009F5355 /* LaunchScreen.storyboard in Resources */,
				6BEEB03126777F0700C0CF24 /* images.jpg in Resources */,
				6BEEB03426777F1200C0CF24 /* images-2.jpg in Resources */,
				6B258AB9267359CE009F5355 /* Assets.xcassets in Resources */,
				6B258AB7267359CD009F5355 /* Main.storyboard in Resources */,
				6BEEB02E26777EFC00C0CF24 /* images-1.jpg in Resources */,
			);
			runOnlyForDeploymentPostprocessing = 0;
		};
/* End PBXResourcesBuildPhase section */

/* Begin PBXSourcesBuildPhase section */
		6B258AA8267359CD009F5355 /* Sources */ = {
			isa = PBXSourcesBuildPhase;
			buildActionMask = 2147483647;
			files = (
				6BD9E81A2675F8DA00FC31A1 /* ExpansionViewController.swift in Sources */,
				6B258AB4267359CD009F5355 /* ViewController.swift in Sources */,
				6B258AB0267359CD009F5355 /* AppDelegate.swift in Sources */,
				6B258AB2267359CD009F5355 /* SceneDelegate.swift in Sources */,
			);
			runOnlyForDeploymentPostprocessing = 0;
		};
/* End PBXSourcesBuildPhase section */

/* Begin PBXVariantGroup section */
		6B258AB5267359CD009F5355 /* Main.storyboard */ = {
			isa = PBXVariantGroup;
			children = (
				6B258AB6267359CD009F5355 /* Base */,
			);
			name = Main.storyboard;
			sourceTree = "<group>";
		};
		6B258ABA267359CE009F5355 /* LaunchScreen.storyboard */ = {
			isa = PBXVariantGroup;
			children = (
				6B258ABB267359CE009F5355 /* Base */,
			);
			name = LaunchScreen.storyboard;
			sourceTree = "<group>";
		};
/* End PBXVariantGroup section */

/* Begin XCBuildConfiguration section */
		6B258ABE267359CE009F5355 /* Debug */ = {
			isa = XCBuildConfiguration;
			buildSettings = {
				ALWAYS_SEARCH_USER_PATHS = NO;
				CLANG_ANALYZER_NONNULL = YES;
				CLANG_ANALYZER_NUMBER_OBJECT_CONVERSION = YES_AGGRESSIVE;
				CLANG_CXX_LANGUAGE_STANDARD = "gnu++14";
				CLANG_CXX_LIBRARY = "libc++";
				CLANG_ENABLE_MODULES = YES;
				CLANG_ENABLE_OBJC_ARC = YES;
				CLANG_ENABLE_OBJC_WEAK = YES;
				CLANG_WARN_BLOCK_CAPTURE_AUTORELEASING = YES;
				CLANG_WARN_BOOL_CONVERSION = YES;
				CLANG_WARN_COMMA = YES;
				CLANG_WARN_CONSTANT_CONVERSION = YES;
				CLANG_WARN_DEPRECATED_OBJC_IMPLEMENTATIONS = YES;
				CLANG_WARN_DIRECT_OBJC_ISA_USAGE = YES_ERROR;
				CLANG_WARN_DOCUMENTATION_COMMENTS = YES;
				CLANG_WARN_EMPTY_BODY = YES;
				CLANG_WARN_ENUM_CONVERSION = YES;
				CLANG_WARN_INFINITE_RECURSION = YES;
				CLANG_WARN_INT_CONVERSION = YES;
				CLANG_WARN_NON_LITERAL_NULL_CONVERSION = YES;
				CLANG_WARN_OBJC_IMPLICIT_RETAIN_SELF = YES;
				CLANG_WARN_OBJC_LITERAL_CONVERSION = YES;
				CLANG_WARN_OBJC_ROOT_CLASS = YES_ERROR;
				CLANG_WARN_QUOTED_INCLUDE_IN_FRAMEWORK_HEADER = YES;
				CLANG_WARN_RANGE_LOOP_ANALYSIS = YES;
				CLANG_WARN_STRICT_PROTOTYPES = YES;
				CLANG_WARN_SUSPICIOUS_MOVE = YES;
				CLANG_WARN_UNGUARDED_AVAILABILITY = YES_AGGRESSIVE;
				CLANG_WARN_UNREACHABLE_CODE = YES;
				CLANG_WARN__DUPLICATE_METHOD_MATCH = YES;
				COPY_PHASE_STRIP = NO;
				DEBUG_INFORMATION_FORMAT = dwarf;
				ENABLE_STRICT_OBJC_MSGSEND = YES;
				ENABLE_TESTABILITY = YES;
				GCC_C_LANGUAGE_STANDARD = gnu11;
				GCC_DYNAMIC_NO_PIC = NO;
				GCC_NO_COMMON_BLOCKS = YES;
				GCC_OPTIMIZATION_LEVEL = 0;
				GCC_PREPROCESSOR_DEFINITIONS = (
					"DEBUG=1",
					"$(inherited)",
				);
				GCC_WARN_64_TO_32_BIT_CONVERSION = YES;
				GCC_WARN_ABOUT_RETURN_TYPE = YES_ERROR;
				GCC_WARN_UNDECLARED_SELECTOR = YES;
				GCC_WARN_UNINITIALIZED_AUTOS = YES_AGGRESSIVE;
				GCC_WARN_UNUSED_FUNCTION = YES;
				GCC_WARN_UNUSED_VARIABLE = YES;
				IPHONEOS_DEPLOYMENT_TARGET = 14.2;
				MTL_ENABLE_DEBUG_INFO = INCLUDE_SOURCE;
				MTL_FAST_MATH = YES;
				ONLY_ACTIVE_ARCH = YES;
				SDKROOT = iphoneos;
				SWIFT_ACTIVE_COMPILATION_CONDITIONS = DEBUG;
				SWIFT_OPTIMIZATION_LEVEL = "-Onone";
			};
			name = Debug;
		};
		6B258ABF267359CE009F5355 /* Release */ = {
			isa = XCBuildConfiguration;
			buildSettings = {
				ALWAYS_SEARCH_USER_PATHS = NO;
				CLANG_ANALYZER_NONNULL = YES;
				CLANG_ANALYZER_NUMBER_OBJECT_CONVERSION = YES_AGGRESSIVE;
				CLANG_CXX_LANGUAGE_STANDARD = "gnu++14";
				CLANG_CXX_LIBRARY = "libc++";
				CLANG_ENABLE_MODULES = YES;
				CLANG_ENABLE_OBJC_ARC = YES;
				CLANG_ENABLE_OBJC_WEAK = YES;
				CLANG_WARN_BLOCK_CAPTURE_AUTORELEASING = YES;
				CLANG_WARN_BOOL_CONVERSION = YES;
				CLANG_WARN_COMMA = YES;
				CLANG_WARN_CONSTANT_CONVERSION = YES;
				CLANG_WARN_DEPRECATED_OBJC_IMPLEMENTATIONS = YES;
				CLANG_WARN_DIRECT_OBJC_ISA_USAGE = YES_ERROR;
				CLANG_WARN_DOCUMENTATION_COMMENTS = YES;
				CLANG_WARN_EMPTY_BODY = YES;
				CLANG_WARN_ENUM_CONVERSION = YES;
				CLANG_WARN_INFINITE_RECURSION = YES;
				CLANG_WARN_INT_CONVERSION = YES;
				CLANG_WARN_NON_LITERAL_NULL_CONVERSION = YES;
				CLANG_WARN_OBJC_IMPLICIT_RETAIN_SELF = YES;
				CLANG_WARN_OBJC_LITERAL_CONVERSION = YES;
				CLANG_WARN_OBJC_ROOT_CLASS = YES_ERROR;
				CLANG_WARN_QUOTED_INCLUDE_IN_FRAMEWORK_HEADER = YES;
				CLANG_WARN_RANGE_LOOP_ANALYSIS = YES;
				CLANG_WARN_STRICT_PROTOTYPES = YES;
				CLANG_WARN_SUSPICIOUS_MOVE = YES;
				CLANG_WARN_UNGUARDED_AVAILABILITY = YES_AGGRESSIVE;
				CLANG_WARN_UNREACHABLE_CODE = YES;
				CLANG_WARN__DUPLICATE_METHOD_MATCH = YES;
				COPY_PHASE_STRIP = NO;
				DEBUG_INFORMATION_FORMAT = "dwarf-with-dsym";
				ENABLE_NS_ASSERTIONS = NO;
				ENABLE_STRICT_OBJC_MSGSEND = YES;
				GCC_C_LANGUAGE_STANDARD = gnu11;
				GCC_NO_COMMON_BLOCKS = YES;
				GCC_WARN_64_TO_32_BIT_CONVERSION = YES;
				GCC_WARN_ABOUT_RETURN_TYPE = YES_ERROR;
				GCC_WARN_UNDECLARED_SELECTOR = YES;
				GCC_WARN_UNINITIALIZED_AUTOS = YES_AGGRESSIVE;
				GCC_WARN_UNUSED_FUNCTION = YES;
				GCC_WARN_UNUSED_VARIABLE = YES;
				IPHONEOS_DEPLOYMENT_TARGET = 14.2;
				MTL_ENABLE_DEBUG_INFO = NO;
				MTL_FAST_MATH = YES;
				SDKROOT = iphoneos;
				SWIFT_COMPILATION_MODE = wholemodule;
				SWIFT_OPTIMIZATION_LEVEL = "-O";
				VALIDATE_PRODUCT = YES;
			};
			name = Release;
		};
		6B258AC1267359CE009F5355 /* Debug */ = {
			isa = XCBuildConfiguration;
			buildSettings = {
				ASSETCATALOG_COMPILER_APPICON_NAME = AppIcon;
				ASSETCATALOG_COMPILER_GLOBAL_ACCENT_COLOR_NAME = AccentColor;
				CODE_SIGN_STYLE = Automatic;
				DEVELOPMENT_TEAM = HC2BZNWYA3;
				INFOPLIST_FILE = SlideshowApp/Info.plist;
				LD_RUNPATH_SEARCH_PATHS = (
					"$(inherited)",
					"@executable_path/Frameworks",
				);
				PRODUCT_BUNDLE_IDENTIFIER = "world-record.0144-icloud.com.SlideshowApp";
				PRODUCT_NAME = "$(TARGET_NAME)";
				SWIFT_VERSION = 5.0;
				TARGETED_DEVICE_FAMILY = "1,2";
			};
			name = Debug;
		};
		6B258AC2267359CE009F5355 /* Release */ = {
			isa = XCBuildConfiguration;
			buildSettings = {
				ASSETCATALOG_COMPILER_APPICON_NAME = AppIcon;
				ASSETCATALOG_COMPILER_GLOBAL_ACCENT_COLOR_NAME = AccentColor;
				CODE_SIGN_STYLE = Automatic;
				DEVELOPMENT_TEAM = HC2BZNWYA3;
				INFOPLIST_FILE = SlideshowApp/Info.plist;
				LD_RUNPATH_SEARCH_PATHS = (
					"$(inherited)",
					"@executable_path/Frameworks",
				);
				PRODUCT_BUNDLE_IDENTIFIER = "world-record.0144-icloud.com.SlideshowApp";
				PRODUCT_NAME = "$(TARGET_NAME)";
				SWIFT_VERSION = 5.0;
				TARGETED_DEVICE_FAMILY = "1,2";
			};
			name = Release;
		};
/* End XCBuildConfiguration section */

/* Begin XCConfigurationList section */
		6B258AA7267359CD009F5355 /* Build configuration list for PBXProject "SlideshowApp" */ = {
			isa = XCConfigurationList;
			buildConfigurations = (
				6B258ABE267359CE009F5355 /* Debug */,
				6B258ABF267359CE009F5355 /* Release */,
			);
			defaultConfigurationIsVisible = 0;
			defaultConfigurationName = Release;
		};
		6B258AC0267359CE009F5355 /* Build configuration list for PBXNativeTarget "SlideshowApp" */ = {
			isa = XCConfigurationList;
			buildConfigurations = (
				6B258AC1267359CE009F5355 /* Debug */,
				6B258AC2267359CE009F5355 /* Release */,
			);
			defaultConfigurationIsVisible = 0;
			defaultConfigurationName = Release;
		};
/* End XCConfigurationList section */
	};
	rootObject = 6B258AA4267359CD009F5355 /* Project object */;
}
